// !$*UTF8*$!
{
	archiveVersion = 1;
	classes = {
	};
	objectVersion = 46;
	objects = {

/* Begin PBXBuildFile section */
		038F533ED9C65095DCEC976D /* MainFilterContainerViewInterface.swift in Sources */ = {isa = PBXBuildFile; fileRef = 563EBA0C54D3013B2FCD7E3C /* MainFilterContainerViewInterface.swift */; };
		085198F3AA9D3690D82CB1EF /* SignUpEmailViewInterface.swift in Sources */ = {isa = PBXBuildFile; fileRef = 9980A42AD2A54300DC74D7DE /* SignUpEmailViewInterface.swift */; };
		088F7A9EFF889F150A71D4B0 /* SignUpEmailPresenter.swift in Sources */ = {isa = PBXBuildFile; fileRef = D05F7443E51DE385A5020FA5 /* SignUpEmailPresenter.swift */; };
		08F24368B9629C0549057164 /* SignUpEmailPresenterInterface.swift in Sources */ = {isa = PBXBuildFile; fileRef = A0AFCD02EE46C35DFF9A0661 /* SignUpEmailPresenterInterface.swift */; };
		2503BF291E0AA47400AD3BAC /* MainKitsCell.swift in Sources */ = {isa = PBXBuildFile; fileRef = 2503BF281E0AA47400AD3BAC /* MainKitsCell.swift */; };
		253FF5921E095344009685CE /* ApiProtocol.swift in Sources */ = {isa = PBXBuildFile; fileRef = 253FF5911E095344009685CE /* ApiProtocol.swift */; };
		253FF5941E0957C9009685CE /* Endpoint.swift in Sources */ = {isa = PBXBuildFile; fileRef = 253FF5931E0957C9009685CE /* Endpoint.swift */; };
		253FF5961E09724A009685CE /* ApiResult.swift in Sources */ = {isa = PBXBuildFile; fileRef = 253FF5951E09724A009685CE /* ApiResult.swift */; };
		25432DCA1E03FAB700BB7B8F /* DataManager.swift in Sources */ = {isa = PBXBuildFile; fileRef = 25432DC91E03FAB700BB7B8F /* DataManager.swift */; };
		25432DCC1E042E3D00BB7B8F /* Main.storyboard in Resources */ = {isa = PBXBuildFile; fileRef = 25432DCB1E042E3D00BB7B8F /* Main.storyboard */; };
		25432DCF1E043D8200BB7B8F /* UITextField+ChangeNextFieldFocus+String+Encode.swift in Sources */ = {isa = PBXBuildFile; fileRef = 25432DCE1E043D8200BB7B8F /* UITextField+ChangeNextFieldFocus+String+Encode.swift */; };
		254F42E21DFE9D8F00CDD074 /* CustomPasswordTF.swift in Sources */ = {isa = PBXBuildFile; fileRef = 254F42E11DFE9D8F00CDD074 /* CustomPasswordTF.swift */; };
		254F42E41DFEAAA300CDD074 /* CustomPasswordTFDelegate.swift in Sources */ = {isa = PBXBuildFile; fileRef = 254F42E31DFEAAA300CDD074 /* CustomPasswordTFDelegate.swift */; };
		254F42E71DFEB6A700CDD074 /* LogInUserModel.swift in Sources */ = {isa = PBXBuildFile; fileRef = 254F42E61DFEB6A700CDD074 /* LogInUserModel.swift */; };
		254F42EA1DFEF6D500CDD074 /* LaunchScreen.storyboard in Resources */ = {isa = PBXBuildFile; fileRef = 254F42E81DFEF6D500CDD074 /* LaunchScreen.storyboard */; };
		255AA5651E07D1C40093B9E4 /* DataManagerProtocol.swift in Sources */ = {isa = PBXBuildFile; fileRef = 255AA5641E07D1C40093B9E4 /* DataManagerProtocol.swift */; };
		259C5DFE1DF9B35B001E3CCC /* LogInAssember.swift in Sources */ = {isa = PBXBuildFile; fileRef = 259C5DF11DF9B35B001E3CCC /* LogInAssember.swift */; };
		259C5DFF1DF9B35B001E3CCC /* LogInInteractor.swift in Sources */ = {isa = PBXBuildFile; fileRef = 259C5DF31DF9B35B001E3CCC /* LogInInteractor.swift */; };
		259C5E001DF9B35B001E3CCC /* LogInInteractorInterface.swift in Sources */ = {isa = PBXBuildFile; fileRef = 259C5DF41DF9B35B001E3CCC /* LogInInteractorInterface.swift */; };
		259C5E011DF9B35B001E3CCC /* LogInPresenter.swift in Sources */ = {isa = PBXBuildFile; fileRef = 259C5DF61DF9B35B001E3CCC /* LogInPresenter.swift */; };
		259C5E021DF9B35B001E3CCC /* LogInPresenterInterface.swift in Sources */ = {isa = PBXBuildFile; fileRef = 259C5DF71DF9B35B001E3CCC /* LogInPresenterInterface.swift */; };
		259C5E031DF9B35B001E3CCC /* LogInRouter.swift in Sources */ = {isa = PBXBuildFile; fileRef = 259C5DF91DF9B35B001E3CCC /* LogInRouter.swift */; };
		259C5E041DF9B35B001E3CCC /* LogInRouterInterface.swift in Sources */ = {isa = PBXBuildFile; fileRef = 259C5DFA1DF9B35B001E3CCC /* LogInRouterInterface.swift */; };
		259C5E051DF9B35B001E3CCC /* LogInViewController.swift in Sources */ = {isa = PBXBuildFile; fileRef = 259C5DFC1DF9B35B001E3CCC /* LogInViewController.swift */; };
		259C5E061DF9B35B001E3CCC /* LogInViewInterface.swift in Sources */ = {isa = PBXBuildFile; fileRef = 259C5DFD1DF9B35B001E3CCC /* LogInViewInterface.swift */; };
		25AB73831E02CB9100BAA278 /* SignUpEmail.storyboard in Resources */ = {isa = PBXBuildFile; fileRef = 25AB73821E02CB9100BAA278 /* SignUpEmail.storyboard */; };
		2DEF3C2BDA8D8016EE3A4A5A /* SignUpEmailAssember.swift in Sources */ = {isa = PBXBuildFile; fileRef = 83C36B83FB7D99E400EA934C /* SignUpEmailAssember.swift */; };
		34C1A10708ABA0DCF9E3C882 /* MainRouter.swift in Sources */ = {isa = PBXBuildFile; fileRef = C5954E87B9BF2ABD40747E65 /* MainRouter.swift */; };
		522BE2C3B326749FDACAF117 /* SignUpEmailRouter.swift in Sources */ = {isa = PBXBuildFile; fileRef = 0B3EF84AC97A065C823E72C1 /* SignUpEmailRouter.swift */; };
		5422121C48C6DB533B151788 /* MainInteractorInterface.swift in Sources */ = {isa = PBXBuildFile; fileRef = 9E33F9BAC1940DA63FCFD008 /* MainInteractorInterface.swift */; };
		6061E731A508DA580752129A /* MainPresenter.swift in Sources */ = {isa = PBXBuildFile; fileRef = 57B5E266D7915B526A3AF6DA /* MainPresenter.swift */; };
		62CD331FAB140A4596144D24 /* MainRouterInterface.swift in Sources */ = {isa = PBXBuildFile; fileRef = 437DD9B57D041C3733585D4B /* MainRouterInterface.swift */; };
		62E8C61ADC306FD70F42236E /* MainViewController.swift in Sources */ = {isa = PBXBuildFile; fileRef = 201B30E564E95D3AD8879937 /* MainViewController.swift */; };
		6689DC6B72E8F8841207CB5A /* MainFilterContainerInteractor.swift in Sources */ = {isa = PBXBuildFile; fileRef = 2A07CC664CE14972641EE608 /* MainFilterContainerInteractor.swift */; };
		6CF527608E8A152DCBC78759 /* MainFilterContainerPresenterInterface.swift in Sources */ = {isa = PBXBuildFile; fileRef = 4CADFF012C0D27FA8B1D5433 /* MainFilterContainerPresenterInterface.swift */; };
		745891994723DED5E13B76F6 /* Pods_KitStop.framework in Frameworks */ = {isa = PBXBuildFile; fileRef = 6DB6090BFED7E8DF04618427 /* Pods_KitStop.framework */; };
		8FF3995F7F688E1E6E806AC1 /* SignUpEmailInteractorInterface.swift in Sources */ = {isa = PBXBuildFile; fileRef = EF0D4A098F44E1566EB9CCC0 /* SignUpEmailInteractorInterface.swift */; };
		951B396E1DF967B0001765C3 /* Aspects.framework in Frameworks */ = {isa = PBXBuildFile; fileRef = 951B396D1DF967B0001765C3 /* Aspects.framework */; };
		951B39701DF967B2001765C3 /* Chamomile.framework in Frameworks */ = {isa = PBXBuildFile; fileRef = 951B396F1DF967B2001765C3 /* Chamomile.framework */; };
		951B39721DF967B4001765C3 /* Perform.framework in Frameworks */ = {isa = PBXBuildFile; fileRef = 951B39711DF967B4001765C3 /* Perform.framework */; };
		A1D1FFF065C5DBEBE19BB20E /* SignUpEmailViewController.swift in Sources */ = {isa = PBXBuildFile; fileRef = E3FC4709A380EBE9A003F906 /* SignUpEmailViewController.swift */; };
		A8E10A38F960FDB693073882 /* MainFilterContainerRouter.swift in Sources */ = {isa = PBXBuildFile; fileRef = 549E6D75D861F2271823A4C3 /* MainFilterContainerRouter.swift */; };
		AA60A61A7825B03909639327 /* MainFilterContainerRouterInterface.swift in Sources */ = {isa = PBXBuildFile; fileRef = 9918C383B8084AF970FABD27 /* MainFilterContainerRouterInterface.swift */; };
		B13676A491A33B0774E7DC73 /* MainInteractor.swift in Sources */ = {isa = PBXBuildFile; fileRef = ABD81887816DA9CBA8B795BC /* MainInteractor.swift */; };
		D7800EBB04867C40C7414861 /* MainPresenterInterface.swift in Sources */ = {isa = PBXBuildFile; fileRef = E6DE8510DFC4EB12613E7B5C /* MainPresenterInterface.swift */; };
		DB3397BA0DD588AB501B26B4 /* MainFilterContainerInteractorInterface.swift in Sources */ = {isa = PBXBuildFile; fileRef = C9B17B9DD5F018853F062CB0 /* MainFilterContainerInteractorInterface.swift */; };
		DBB6557FF095D419D973B89E /* MainFilterContainerPresenter.swift in Sources */ = {isa = PBXBuildFile; fileRef = BD729487A904DDCAC94D5D51 /* MainFilterContainerPresenter.swift */; };
		DE0941D010C9C64BB0059C1F /* MainFilterContainerViewController.swift in Sources */ = {isa = PBXBuildFile; fileRef = 3DB1A20CA68040F7577463AE /* MainFilterContainerViewController.swift */; };
		E7B6CE11364097A75A034902 /* SignUpEmailRouterInterface.swift in Sources */ = {isa = PBXBuildFile; fileRef = 7E9CA5CAA1384B4AC6DB7010 /* SignUpEmailRouterInterface.swift */; };
		EA0B1DCCD738450D73D6D03D /* MainAssember.swift in Sources */ = {isa = PBXBuildFile; fileRef = 0457D7BF82893FD8BA22594B /* MainAssember.swift */; };
		ED851F6B42A2FA658CA9F8A3 /* MainViewInterface.swift in Sources */ = {isa = PBXBuildFile; fileRef = 26F3E44B9044B4FE5AED7220 /* MainViewInterface.swift */; };
		F7120D8F5E722D8B7BE7929C /* SignUpEmailInteractor.swift in Sources */ = {isa = PBXBuildFile; fileRef = 5B3900BFCE0CA1391D7B3D54 /* SignUpEmailInteractor.swift */; };
		FA4528581DF802F900B2AA03 /* AppDelegate.swift in Sources */ = {isa = PBXBuildFile; fileRef = FA4528571DF802F900B2AA03 /* AppDelegate.swift */; };
		FA45285D1DF802F900B2AA03 /* Login.storyboard in Resources */ = {isa = PBXBuildFile; fileRef = FA45285B1DF802F900B2AA03 /* Login.storyboard */; };
		FA45285F1DF802F900B2AA03 /* Assets.xcassets in Resources */ = {isa = PBXBuildFile; fileRef = FA45285E1DF802F900B2AA03 /* Assets.xcassets */; };
		FA45286D1DF802F900B2AA03 /* KitStopTests.swift in Sources */ = {isa = PBXBuildFile; fileRef = FA45286C1DF802F900B2AA03 /* KitStopTests.swift */; };
		FFEEFBEA8DE34F6F10E2AF26 /* MainFilterContainerAssember.swift in Sources */ = {isa = PBXBuildFile; fileRef = 5CD4D88D47278C0B35F8F3A7 /* MainFilterContainerAssember.swift */; };
/* End PBXBuildFile section */

/* Begin PBXContainerItemProxy section */
		FA4528691DF802F900B2AA03 /* PBXContainerItemProxy */ = {
			isa = PBXContainerItemProxy;
			containerPortal = FA45284C1DF802F900B2AA03 /* Project object */;
			proxyType = 1;
			remoteGlobalIDString = FA4528531DF802F900B2AA03;
			remoteInfo = KitStop;
		};
/* End PBXContainerItemProxy section */

/* Begin PBXFileReference section */
		0457D7BF82893FD8BA22594B /* MainAssember.swift */ = {isa = PBXFileReference; includeInIndex = 1; lastKnownFileType = sourcecode.swift; path = MainAssember.swift; sourceTree = "<group>"; };
		0B3EF84AC97A065C823E72C1 /* SignUpEmailRouter.swift */ = {isa = PBXFileReference; includeInIndex = 1; lastKnownFileType = sourcecode.swift; path = SignUpEmailRouter.swift; sourceTree = "<group>"; };
		0C901CA56AA02B1C85F8F08C /* Pods-KitStop.release.xcconfig */ = {isa = PBXFileReference; includeInIndex = 1; lastKnownFileType = text.xcconfig; name = "Pods-KitStop.release.xcconfig"; path = "Pods/Target Support Files/Pods-KitStop/Pods-KitStop.release.xcconfig"; sourceTree = "<group>"; };
		201B30E564E95D3AD8879937 /* MainViewController.swift */ = {isa = PBXFileReference; includeInIndex = 1; lastKnownFileType = sourcecode.swift; path = MainViewController.swift; sourceTree = "<group>"; };
		2503BF281E0AA47400AD3BAC /* MainKitsCell.swift */ = {isa = PBXFileReference; fileEncoding = 4; lastKnownFileType = sourcecode.swift; path = MainKitsCell.swift; sourceTree = "<group>"; };
		253FF5911E095344009685CE /* ApiProtocol.swift */ = {isa = PBXFileReference; fileEncoding = 4; lastKnownFileType = sourcecode.swift; path = ApiProtocol.swift; sourceTree = "<group>"; };
		253FF5931E0957C9009685CE /* Endpoint.swift */ = {isa = PBXFileReference; fileEncoding = 4; lastKnownFileType = sourcecode.swift; path = Endpoint.swift; sourceTree = "<group>"; };
		253FF5951E09724A009685CE /* ApiResult.swift */ = {isa = PBXFileReference; fileEncoding = 4; lastKnownFileType = sourcecode.swift; path = ApiResult.swift; sourceTree = "<group>"; };
		25432DC91E03FAB700BB7B8F /* DataManager.swift */ = {isa = PBXFileReference; fileEncoding = 4; lastKnownFileType = sourcecode.swift; path = DataManager.swift; sourceTree = "<group>"; };
		25432DCB1E042E3D00BB7B8F /* Main.storyboard */ = {isa = PBXFileReference; fileEncoding = 4; lastKnownFileType = file.storyboard; path = Main.storyboard; sourceTree = "<group>"; };
		25432DCE1E043D8200BB7B8F /* UITextField+ChangeNextFieldFocus+String+Encode.swift */ = {isa = PBXFileReference; fileEncoding = 4; lastKnownFileType = sourcecode.swift; path = "UITextField+ChangeNextFieldFocus+String+Encode.swift"; sourceTree = "<group>"; };
		254F42E11DFE9D8F00CDD074 /* CustomPasswordTF.swift */ = {isa = PBXFileReference; fileEncoding = 4; lastKnownFileType = sourcecode.swift; path = CustomPasswordTF.swift; sourceTree = "<group>"; };
		254F42E31DFEAAA300CDD074 /* CustomPasswordTFDelegate.swift */ = {isa = PBXFileReference; fileEncoding = 4; lastKnownFileType = sourcecode.swift; path = CustomPasswordTFDelegate.swift; sourceTree = "<group>"; };
		254F42E61DFEB6A700CDD074 /* LogInUserModel.swift */ = {isa = PBXFileReference; fileEncoding = 4; lastKnownFileType = sourcecode.swift; path = LogInUserModel.swift; sourceTree = "<group>"; };
		254F42E91DFEF6D500CDD074 /* Base */ = {isa = PBXFileReference; lastKnownFileType = file.storyboard; name = Base; path = Base.lproj/LaunchScreen.storyboard; sourceTree = "<group>"; };
		255AA5641E07D1C40093B9E4 /* DataManagerProtocol.swift */ = {isa = PBXFileReference; fileEncoding = 4; lastKnownFileType = sourcecode.swift; path = DataManagerProtocol.swift; sourceTree = "<group>"; };
		259C5DF11DF9B35B001E3CCC /* LogInAssember.swift */ = {isa = PBXFileReference; fileEncoding = 4; lastKnownFileType = sourcecode.swift; path = LogInAssember.swift; sourceTree = "<group>"; };
		259C5DF31DF9B35B001E3CCC /* LogInInteractor.swift */ = {isa = PBXFileReference; fileEncoding = 4; lastKnownFileType = sourcecode.swift; path = LogInInteractor.swift; sourceTree = "<group>"; };
		259C5DF41DF9B35B001E3CCC /* LogInInteractorInterface.swift */ = {isa = PBXFileReference; fileEncoding = 4; lastKnownFileType = sourcecode.swift; path = LogInInteractorInterface.swift; sourceTree = "<group>"; };
		259C5DF61DF9B35B001E3CCC /* LogInPresenter.swift */ = {isa = PBXFileReference; fileEncoding = 4; lastKnownFileType = sourcecode.swift; path = LogInPresenter.swift; sourceTree = "<group>"; };
		259C5DF71DF9B35B001E3CCC /* LogInPresenterInterface.swift */ = {isa = PBXFileReference; fileEncoding = 4; lastKnownFileType = sourcecode.swift; path = LogInPresenterInterface.swift; sourceTree = "<group>"; };
		259C5DF91DF9B35B001E3CCC /* LogInRouter.swift */ = {isa = PBXFileReference; fileEncoding = 4; lastKnownFileType = sourcecode.swift; path = LogInRouter.swift; sourceTree = "<group>"; };
		259C5DFA1DF9B35B001E3CCC /* LogInRouterInterface.swift */ = {isa = PBXFileReference; fileEncoding = 4; lastKnownFileType = sourcecode.swift; path = LogInRouterInterface.swift; sourceTree = "<group>"; };
		259C5DFC1DF9B35B001E3CCC /* LogInViewController.swift */ = {isa = PBXFileReference; fileEncoding = 4; lastKnownFileType = sourcecode.swift; path = LogInViewController.swift; sourceTree = "<group>"; };
		259C5DFD1DF9B35B001E3CCC /* LogInViewInterface.swift */ = {isa = PBXFileReference; fileEncoding = 4; lastKnownFileType = sourcecode.swift; path = LogInViewInterface.swift; sourceTree = "<group>"; };
		25AB73821E02CB9100BAA278 /* SignUpEmail.storyboard */ = {isa = PBXFileReference; fileEncoding = 4; lastKnownFileType = file.storyboard; path = SignUpEmail.storyboard; sourceTree = "<group>"; };
		26F3E44B9044B4FE5AED7220 /* MainViewInterface.swift */ = {isa = PBXFileReference; includeInIndex = 1; lastKnownFileType = sourcecode.swift; path = MainViewInterface.swift; sourceTree = "<group>"; };
		2A07CC664CE14972641EE608 /* MainFilterContainerInteractor.swift */ = {isa = PBXFileReference; includeInIndex = 1; lastKnownFileType = sourcecode.swift; path = MainFilterContainerInteractor.swift; sourceTree = "<group>"; };
		3DB1A20CA68040F7577463AE /* MainFilterContainerViewController.swift */ = {isa = PBXFileReference; includeInIndex = 1; lastKnownFileType = sourcecode.swift; path = MainFilterContainerViewController.swift; sourceTree = "<group>"; };
		437DD9B57D041C3733585D4B /* MainRouterInterface.swift */ = {isa = PBXFileReference; includeInIndex = 1; lastKnownFileType = sourcecode.swift; path = MainRouterInterface.swift; sourceTree = "<group>"; };
		4CADFF012C0D27FA8B1D5433 /* MainFilterContainerPresenterInterface.swift */ = {isa = PBXFileReference; includeInIndex = 1; lastKnownFileType = sourcecode.swift; path = MainFilterContainerPresenterInterface.swift; sourceTree = "<group>"; };
		549E6D75D861F2271823A4C3 /* MainFilterContainerRouter.swift */ = {isa = PBXFileReference; includeInIndex = 1; lastKnownFileType = sourcecode.swift; path = MainFilterContainerRouter.swift; sourceTree = "<group>"; };
		563EBA0C54D3013B2FCD7E3C /* MainFilterContainerViewInterface.swift */ = {isa = PBXFileReference; includeInIndex = 1; lastKnownFileType = sourcecode.swift; path = MainFilterContainerViewInterface.swift; sourceTree = "<group>"; };
		57B5E266D7915B526A3AF6DA /* MainPresenter.swift */ = {isa = PBXFileReference; includeInIndex = 1; lastKnownFileType = sourcecode.swift; path = MainPresenter.swift; sourceTree = "<group>"; };
		5B3900BFCE0CA1391D7B3D54 /* SignUpEmailInteractor.swift */ = {isa = PBXFileReference; includeInIndex = 1; lastKnownFileType = sourcecode.swift; path = SignUpEmailInteractor.swift; sourceTree = "<group>"; };
		5CD4D88D47278C0B35F8F3A7 /* MainFilterContainerAssember.swift */ = {isa = PBXFileReference; includeInIndex = 1; lastKnownFileType = sourcecode.swift; path = MainFilterContainerAssember.swift; sourceTree = "<group>"; };
		6DB6090BFED7E8DF04618427 /* Pods_KitStop.framework */ = {isa = PBXFileReference; explicitFileType = wrapper.framework; includeInIndex = 0; path = Pods_KitStop.framework; sourceTree = BUILT_PRODUCTS_DIR; };
		7E9CA5CAA1384B4AC6DB7010 /* SignUpEmailRouterInterface.swift */ = {isa = PBXFileReference; includeInIndex = 1; lastKnownFileType = sourcecode.swift; path = SignUpEmailRouterInterface.swift; sourceTree = "<group>"; };
		83C36B83FB7D99E400EA934C /* SignUpEmailAssember.swift */ = {isa = PBXFileReference; includeInIndex = 1; lastKnownFileType = sourcecode.swift; path = SignUpEmailAssember.swift; sourceTree = "<group>"; };
		951B396D1DF967B0001765C3 /* Aspects.framework */ = {isa = PBXFileReference; lastKnownFileType = wrapper.framework; name = Aspects.framework; path = Carthage/Build/iOS/Aspects.framework; sourceTree = "<group>"; };
		951B396F1DF967B2001765C3 /* Chamomile.framework */ = {isa = PBXFileReference; lastKnownFileType = wrapper.framework; name = Chamomile.framework; path = Carthage/Build/iOS/Chamomile.framework; sourceTree = "<group>"; };
		951B39711DF967B4001765C3 /* Perform.framework */ = {isa = PBXFileReference; lastKnownFileType = wrapper.framework; name = Perform.framework; path = Carthage/Build/iOS/Perform.framework; sourceTree = "<group>"; };
		9918C383B8084AF970FABD27 /* MainFilterContainerRouterInterface.swift */ = {isa = PBXFileReference; includeInIndex = 1; lastKnownFileType = sourcecode.swift; path = MainFilterContainerRouterInterface.swift; sourceTree = "<group>"; };
		9980A42AD2A54300DC74D7DE /* SignUpEmailViewInterface.swift */ = {isa = PBXFileReference; includeInIndex = 1; lastKnownFileType = sourcecode.swift; path = SignUpEmailViewInterface.swift; sourceTree = "<group>"; };
		9E33F9BAC1940DA63FCFD008 /* MainInteractorInterface.swift */ = {isa = PBXFileReference; includeInIndex = 1; lastKnownFileType = sourcecode.swift; path = MainInteractorInterface.swift; sourceTree = "<group>"; };
		A0AFCD02EE46C35DFF9A0661 /* SignUpEmailPresenterInterface.swift */ = {isa = PBXFileReference; includeInIndex = 1; lastKnownFileType = sourcecode.swift; path = SignUpEmailPresenterInterface.swift; sourceTree = "<group>"; };
		ABD81887816DA9CBA8B795BC /* MainInteractor.swift */ = {isa = PBXFileReference; includeInIndex = 1; lastKnownFileType = sourcecode.swift; path = MainInteractor.swift; sourceTree = "<group>"; };
		BD729487A904DDCAC94D5D51 /* MainFilterContainerPresenter.swift */ = {isa = PBXFileReference; includeInIndex = 1; lastKnownFileType = sourcecode.swift; path = MainFilterContainerPresenter.swift; sourceTree = "<group>"; };
		C34CE9C6505C5A1F920FF878 /* Pods-KitStop.debug.xcconfig */ = {isa = PBXFileReference; includeInIndex = 1; lastKnownFileType = text.xcconfig; name = "Pods-KitStop.debug.xcconfig"; path = "Pods/Target Support Files/Pods-KitStop/Pods-KitStop.debug.xcconfig"; sourceTree = "<group>"; };
		C5954E87B9BF2ABD40747E65 /* MainRouter.swift */ = {isa = PBXFileReference; includeInIndex = 1; lastKnownFileType = sourcecode.swift; path = MainRouter.swift; sourceTree = "<group>"; };
		C9B17B9DD5F018853F062CB0 /* MainFilterContainerInteractorInterface.swift */ = {isa = PBXFileReference; includeInIndex = 1; lastKnownFileType = sourcecode.swift; path = MainFilterContainerInteractorInterface.swift; sourceTree = "<group>"; };
		D05F7443E51DE385A5020FA5 /* SignUpEmailPresenter.swift */ = {isa = PBXFileReference; includeInIndex = 1; lastKnownFileType = sourcecode.swift; path = SignUpEmailPresenter.swift; sourceTree = "<group>"; };
		E3FC4709A380EBE9A003F906 /* SignUpEmailViewController.swift */ = {isa = PBXFileReference; includeInIndex = 1; lastKnownFileType = sourcecode.swift; path = SignUpEmailViewController.swift; sourceTree = "<group>"; };
		E6DE8510DFC4EB12613E7B5C /* MainPresenterInterface.swift */ = {isa = PBXFileReference; includeInIndex = 1; lastKnownFileType = sourcecode.swift; path = MainPresenterInterface.swift; sourceTree = "<group>"; };
		EF0D4A098F44E1566EB9CCC0 /* SignUpEmailInteractorInterface.swift */ = {isa = PBXFileReference; includeInIndex = 1; lastKnownFileType = sourcecode.swift; path = SignUpEmailInteractorInterface.swift; sourceTree = "<group>"; };
		FA4528541DF802F900B2AA03 /* KitStop.app */ = {isa = PBXFileReference; explicitFileType = wrapper.application; includeInIndex = 0; path = KitStop.app; sourceTree = BUILT_PRODUCTS_DIR; };
		FA4528571DF802F900B2AA03 /* AppDelegate.swift */ = {isa = PBXFileReference; lastKnownFileType = sourcecode.swift; path = AppDelegate.swift; sourceTree = "<group>"; };
		FA45285C1DF802F900B2AA03 /* Base */ = {isa = PBXFileReference; lastKnownFileType = file.storyboard; name = Base; path = Base.lproj/Login.storyboard; sourceTree = "<group>"; };
		FA45285E1DF802F900B2AA03 /* Assets.xcassets */ = {isa = PBXFileReference; lastKnownFileType = folder.assetcatalog; path = Assets.xcassets; sourceTree = "<group>"; };
		FA4528631DF802F900B2AA03 /* Info.plist */ = {isa = PBXFileReference; lastKnownFileType = text.plist.xml; path = Info.plist; sourceTree = "<group>"; };
		FA4528681DF802F900B2AA03 /* KitStopTests.xctest */ = {isa = PBXFileReference; explicitFileType = wrapper.cfbundle; includeInIndex = 0; path = KitStopTests.xctest; sourceTree = BUILT_PRODUCTS_DIR; };
		FA45286C1DF802F900B2AA03 /* KitStopTests.swift */ = {isa = PBXFileReference; lastKnownFileType = sourcecode.swift; path = KitStopTests.swift; sourceTree = "<group>"; };
		FA45286E1DF802F900B2AA03 /* Info.plist */ = {isa = PBXFileReference; lastKnownFileType = text.plist.xml; path = Info.plist; sourceTree = "<group>"; };
/* End PBXFileReference section */

/* Begin PBXFrameworksBuildPhase section */
		FA4528511DF802F900B2AA03 /* Frameworks */ = {
			isa = PBXFrameworksBuildPhase;
			buildActionMask = 2147483647;
			files = (
				745891994723DED5E13B76F6 /* Pods_KitStop.framework in Frameworks */,
				951B396E1DF967B0001765C3 /* Aspects.framework in Frameworks */,
				951B39721DF967B4001765C3 /* Perform.framework in Frameworks */,
				951B39701DF967B2001765C3 /* Chamomile.framework in Frameworks */,
			);
			runOnlyForDeploymentPostprocessing = 0;
		};
		FA4528651DF802F900B2AA03 /* Frameworks */ = {
			isa = PBXFrameworksBuildPhase;
			buildActionMask = 2147483647;
			files = (
			);
			runOnlyForDeploymentPostprocessing = 0;
		};
/* End PBXFrameworksBuildPhase section */

/* Begin PBXGroup section */
		06FBB92D698AC2E9D084686B /* Frameworks */ = {
			isa = PBXGroup;
			children = (
				951B39711DF967B4001765C3 /* Perform.framework */,
				951B396F1DF967B2001765C3 /* Chamomile.framework */,
				951B396D1DF967B0001765C3 /* Aspects.framework */,
				6DB6090BFED7E8DF04618427 /* Pods_KitStop.framework */,
			);
			name = Frameworks;
			sourceTree = "<group>";
		};
		253FF5901E095304009685CE /* HTTP Client */ = {
			isa = PBXGroup;
			children = (
				253FF5911E095344009685CE /* ApiProtocol.swift */,
				253FF5931E0957C9009685CE /* Endpoint.swift */,
				253FF5951E09724A009685CE /* ApiResult.swift */,
			);
			name = "HTTP Client";
			sourceTree = "<group>";
		};
		253FF5971E0976A1009685CE /* Entity */ = {
			isa = PBXGroup;
			children = (
			);
			name = Entity;
			sourceTree = "<group>";
		};
		25432DC81E03FA9300BB7B8F /* Service */ = {
			isa = PBXGroup;
			children = (
				25432DC91E03FAB700BB7B8F /* DataManager.swift */,
				255AA5641E07D1C40093B9E4 /* DataManagerProtocol.swift */,
			);
			name = Service;
			sourceTree = "<group>";
		};
		25432DCD1E043D2600BB7B8F /* Extension */ = {
			isa = PBXGroup;
			children = (
				25432DCE1E043D8200BB7B8F /* UITextField+ChangeNextFieldFocus+String+Encode.swift */,
			);
			name = Extension;
			sourceTree = "<group>";
		};
		254F42DF1DFE9CD900CDD074 /* Common */ = {
			isa = PBXGroup;
			children = (
				253FF5971E0976A1009685CE /* Entity */,
				253FF5901E095304009685CE /* HTTP Client */,
				25432DCD1E043D2600BB7B8F /* Extension */,
				25432DC81E03FA9300BB7B8F /* Service */,
				254F42E51DFEB68300CDD074 /* Models */,
				254F42E01DFE9CE900CDD074 /* Views */,
			);
			path = Common;
			sourceTree = "<group>";
		};
		254F42E01DFE9CE900CDD074 /* Views */ = {
			isa = PBXGroup;
			children = (
				254F42E11DFE9D8F00CDD074 /* CustomPasswordTF.swift */,
				254F42E31DFEAAA300CDD074 /* CustomPasswordTFDelegate.swift */,
			);
			name = Views;
			sourceTree = "<group>";
		};
		254F42E51DFEB68300CDD074 /* Models */ = {
			isa = PBXGroup;
			children = (
				254F42E61DFEB6A700CDD074 /* LogInUserModel.swift */,
			);
			name = Models;
			sourceTree = "<group>";
		};
		255AA5661E07D9F00093B9E4 /* Submodule */ = {
			isa = PBXGroup;
			children = (
				56DA12394D5DA744319C032C /* MainFilterContainer */,
			);
			name = Submodule;
			sourceTree = "<group>";
		};
		259C5DEE1DF9B35B001E3CCC /* Modules */ = {
			isa = PBXGroup;
			children = (
				259C5DEF1DF9B35B001E3CCC /* LogIn */,
				AD935A14E91DFA6B19EC1286 /* SignUpEmail */,
				72A0936D6A16483205C49EAB /* Main */,
			);
			path = Modules;
			sourceTree = "<group>";
		};
		259C5DEF1DF9B35B001E3CCC /* LogIn */ = {
			isa = PBXGroup;
			children = (
				259C5DF01DF9B35B001E3CCC /* Assembler */,
				259C5DF21DF9B35B001E3CCC /* Interactor */,
				259C5DF51DF9B35B001E3CCC /* Presenter */,
				259C5DF81DF9B35B001E3CCC /* Router */,
				259C5DFB1DF9B35B001E3CCC /* View */,
			);
			path = LogIn;
			sourceTree = "<group>";
		};
		259C5DF01DF9B35B001E3CCC /* Assembler */ = {
			isa = PBXGroup;
			children = (
				259C5DF11DF9B35B001E3CCC /* LogInAssember.swift */,
			);
			path = Assembler;
			sourceTree = "<group>";
		};
		259C5DF21DF9B35B001E3CCC /* Interactor */ = {
			isa = PBXGroup;
			children = (
				259C5DF31DF9B35B001E3CCC /* LogInInteractor.swift */,
				259C5DF41DF9B35B001E3CCC /* LogInInteractorInterface.swift */,
			);
			path = Interactor;
			sourceTree = "<group>";
		};
		259C5DF51DF9B35B001E3CCC /* Presenter */ = {
			isa = PBXGroup;
			children = (
				259C5DF61DF9B35B001E3CCC /* LogInPresenter.swift */,
				259C5DF71DF9B35B001E3CCC /* LogInPresenterInterface.swift */,
			);
			path = Presenter;
			sourceTree = "<group>";
		};
		259C5DF81DF9B35B001E3CCC /* Router */ = {
			isa = PBXGroup;
			children = (
				259C5DF91DF9B35B001E3CCC /* LogInRouter.swift */,
				259C5DFA1DF9B35B001E3CCC /* LogInRouterInterface.swift */,
			);
			path = Router;
			sourceTree = "<group>";
		};
		259C5DFB1DF9B35B001E3CCC /* View */ = {
			isa = PBXGroup;
			children = (
				FA45285B1DF802F900B2AA03 /* Login.storyboard */,
				259C5DFC1DF9B35B001E3CCC /* LogInViewController.swift */,
				259C5DFD1DF9B35B001E3CCC /* LogInViewInterface.swift */,
			);
			path = View;
			sourceTree = "<group>";
		};
		3F696275292FF627EE00B701 /* Pods */ = {
			isa = PBXGroup;
			children = (
				C34CE9C6505C5A1F920FF878 /* Pods-KitStop.debug.xcconfig */,
				0C901CA56AA02B1C85F8F08C /* Pods-KitStop.release.xcconfig */,
			);
			name = Pods;
			sourceTree = "<group>";
		};
		4512E3CD3C67732ADEB52C55 /* Assembler */ = {
			isa = PBXGroup;
			children = (
				83C36B83FB7D99E400EA934C /* SignUpEmailAssember.swift */,
			);
			path = Assembler;
			sourceTree = "<group>";
		};
		56DA12394D5DA744319C032C /* MainFilterContainer */ = {
			isa = PBXGroup;
			children = (
				61304C1BD58490DDDF33DD4B /* Assembler */,
				829F1435BE0802D63F4F7343 /* View */,
				6ABF2A826BBE98CC293EB84E /* Interactor */,
				F1019FBA3A8812BA4AC14420 /* Presenter */,
				94A9D2AB72A247069930800F /* Router */,
			);
			name = MainFilterContainer;
			path = KitStop/Modules/MainFilterContainer;
			sourceTree = SOURCE_ROOT;
		};
		61304C1BD58490DDDF33DD4B /* Assembler */ = {
			isa = PBXGroup;
			children = (
				5CD4D88D47278C0B35F8F3A7 /* MainFilterContainerAssember.swift */,
			);
			path = Assembler;
			sourceTree = "<group>";
		};
		6ABF2A826BBE98CC293EB84E /* Interactor */ = {
			isa = PBXGroup;
			children = (
				C9B17B9DD5F018853F062CB0 /* MainFilterContainerInteractorInterface.swift */,
				2A07CC664CE14972641EE608 /* MainFilterContainerInteractor.swift */,
			);
			path = Interactor;
			sourceTree = "<group>";
		};
		72A0936D6A16483205C49EAB /* Main */ = {
			isa = PBXGroup;
			children = (
				255AA5661E07D9F00093B9E4 /* Submodule */,
				E85707A2391C9B6B799ED182 /* Assembler */,
				CFE00873B8D6A8D3A055A276 /* View */,
				CE43C23C6A90B7DD7334F0B9 /* Interactor */,
				9228007B51BA60152939D0DA /* Presenter */,
				86306D7236D67399B1E06AFF /* Router */,
			);
			path = Main;
			sourceTree = "<group>";
		};
		829F1435BE0802D63F4F7343 /* View */ = {
			isa = PBXGroup;
			children = (
				563EBA0C54D3013B2FCD7E3C /* MainFilterContainerViewInterface.swift */,
				3DB1A20CA68040F7577463AE /* MainFilterContainerViewController.swift */,
			);
			path = View;
			sourceTree = "<group>";
		};
		83D0DB6422E7F913DF3B284C /* Router */ = {
			isa = PBXGroup;
			children = (
				7E9CA5CAA1384B4AC6DB7010 /* SignUpEmailRouterInterface.swift */,
				0B3EF84AC97A065C823E72C1 /* SignUpEmailRouter.swift */,
			);
			path = Router;
			sourceTree = "<group>";
		};
		86306D7236D67399B1E06AFF /* Router */ = {
			isa = PBXGroup;
			children = (
				437DD9B57D041C3733585D4B /* MainRouterInterface.swift */,
				C5954E87B9BF2ABD40747E65 /* MainRouter.swift */,
			);
			path = Router;
			sourceTree = "<group>";
		};
		9228007B51BA60152939D0DA /* Presenter */ = {
			isa = PBXGroup;
			children = (
				E6DE8510DFC4EB12613E7B5C /* MainPresenterInterface.swift */,
				57B5E266D7915B526A3AF6DA /* MainPresenter.swift */,
			);
			path = Presenter;
			sourceTree = "<group>";
		};
		94A9D2AB72A247069930800F /* Router */ = {
			isa = PBXGroup;
			children = (
				9918C383B8084AF970FABD27 /* MainFilterContainerRouterInterface.swift */,
				549E6D75D861F2271823A4C3 /* MainFilterContainerRouter.swift */,
			);
			path = Router;
			sourceTree = "<group>";
		};
		AD935A14E91DFA6B19EC1286 /* SignUpEmail */ = {
			isa = PBXGroup;
			children = (
				4512E3CD3C67732ADEB52C55 /* Assembler */,
				B83522C0284717A5987196AD /* View */,
				E507F5999BA126EE9D68BF17 /* Interactor */,
				FBED02AF535605D655625360 /* Presenter */,
				83D0DB6422E7F913DF3B284C /* Router */,
			);
			path = SignUpEmail;
			sourceTree = "<group>";
		};
		B83522C0284717A5987196AD /* View */ = {
			isa = PBXGroup;
			children = (
				9980A42AD2A54300DC74D7DE /* SignUpEmailViewInterface.swift */,
				E3FC4709A380EBE9A003F906 /* SignUpEmailViewController.swift */,
				25AB73821E02CB9100BAA278 /* SignUpEmail.storyboard */,
			);
			path = View;
			sourceTree = "<group>";
		};
		CE43C23C6A90B7DD7334F0B9 /* Interactor */ = {
			isa = PBXGroup;
			children = (
				9E33F9BAC1940DA63FCFD008 /* MainInteractorInterface.swift */,
				ABD81887816DA9CBA8B795BC /* MainInteractor.swift */,
			);
			path = Interactor;
			sourceTree = "<group>";
		};
		CFE00873B8D6A8D3A055A276 /* View */ = {
			isa = PBXGroup;
			children = (
				26F3E44B9044B4FE5AED7220 /* MainViewInterface.swift */,
				201B30E564E95D3AD8879937 /* MainViewController.swift */,
				25432DCB1E042E3D00BB7B8F /* Main.storyboard */,
				2503BF281E0AA47400AD3BAC /* MainKitsCell.swift */,
			);
			path = View;
			sourceTree = "<group>";
		};
		E507F5999BA126EE9D68BF17 /* Interactor */ = {
			isa = PBXGroup;
			children = (
				EF0D4A098F44E1566EB9CCC0 /* SignUpEmailInteractorInterface.swift */,
				5B3900BFCE0CA1391D7B3D54 /* SignUpEmailInteractor.swift */,
			);
			path = Interactor;
			sourceTree = "<group>";
		};
		E85707A2391C9B6B799ED182 /* Assembler */ = {
			isa = PBXGroup;
			children = (
				0457D7BF82893FD8BA22594B /* MainAssember.swift */,
			);
			path = Assembler;
			sourceTree = "<group>";
		};
		F1019FBA3A8812BA4AC14420 /* Presenter */ = {
			isa = PBXGroup;
			children = (
				4CADFF012C0D27FA8B1D5433 /* MainFilterContainerPresenterInterface.swift */,
				BD729487A904DDCAC94D5D51 /* MainFilterContainerPresenter.swift */,
			);
			path = Presenter;
			sourceTree = "<group>";
		};
		FA45284B1DF802F900B2AA03 = {
			isa = PBXGroup;
			children = (
				FA4528561DF802F900B2AA03 /* KitStop */,
				FA45286B1DF802F900B2AA03 /* KitStopTests */,
				FA4528551DF802F900B2AA03 /* Products */,
				3F696275292FF627EE00B701 /* Pods */,
				06FBB92D698AC2E9D084686B /* Frameworks */,
			);
			sourceTree = "<group>";
		};
		FA4528551DF802F900B2AA03 /* Products */ = {
			isa = PBXGroup;
			children = (
				FA4528541DF802F900B2AA03 /* KitStop.app */,
				FA4528681DF802F900B2AA03 /* KitStopTests.xctest */,
			);
			name = Products;
			sourceTree = "<group>";
		};
		FA4528561DF802F900B2AA03 /* KitStop */ = {
			isa = PBXGroup;
			children = (
				254F42DF1DFE9CD900CDD074 /* Common */,
				259C5DEE1DF9B35B001E3CCC /* Modules */,
				FA4528571DF802F900B2AA03 /* AppDelegate.swift */,
				254F42E81DFEF6D500CDD074 /* LaunchScreen.storyboard */,
				FA45285E1DF802F900B2AA03 /* Assets.xcassets */,
				FA4528631DF802F900B2AA03 /* Info.plist */,
			);
			path = KitStop;
			sourceTree = "<group>";
		};
		FA45286B1DF802F900B2AA03 /* KitStopTests */ = {
			isa = PBXGroup;
			children = (
				FA45286C1DF802F900B2AA03 /* KitStopTests.swift */,
				FA45286E1DF802F900B2AA03 /* Info.plist */,
			);
			path = KitStopTests;
			sourceTree = "<group>";
		};
		FBED02AF535605D655625360 /* Presenter */ = {
			isa = PBXGroup;
			children = (
				A0AFCD02EE46C35DFF9A0661 /* SignUpEmailPresenterInterface.swift */,
				D05F7443E51DE385A5020FA5 /* SignUpEmailPresenter.swift */,
			);
			path = Presenter;
			sourceTree = "<group>";
		};
/* End PBXGroup section */

/* Begin PBXNativeTarget section */
		FA4528531DF802F900B2AA03 /* KitStop */ = {
			isa = PBXNativeTarget;
			buildConfigurationList = FA4528711DF802F900B2AA03 /* Build configuration list for PBXNativeTarget "KitStop" */;
			buildPhases = (
				65E5A0B4478AB87EB4331D04 /* [CP] Check Pods Manifest.lock */,
				FA4528501DF802F900B2AA03 /* Sources */,
				FA4528511DF802F900B2AA03 /* Frameworks */,
				FA4528521DF802F900B2AA03 /* Resources */,
				557B64B595784B9710D04ED6 /* [CP] Embed Pods Frameworks */,
				5CC46302B370845B522969D9 /* [CP] Copy Pods Resources */,
				951B39731DF967E3001765C3 /* ShellScript */,
			);
			buildRules = (
			);
			dependencies = (
			);
			name = KitStop;
			productName = KitStop;
			productReference = FA4528541DF802F900B2AA03 /* KitStop.app */;
			productType = "com.apple.product-type.application";
		};
		FA4528671DF802F900B2AA03 /* KitStopTests */ = {
			isa = PBXNativeTarget;
			buildConfigurationList = FA4528741DF802F900B2AA03 /* Build configuration list for PBXNativeTarget "KitStopTests" */;
			buildPhases = (
				FA4528641DF802F900B2AA03 /* Sources */,
				FA4528651DF802F900B2AA03 /* Frameworks */,
				FA4528661DF802F900B2AA03 /* Resources */,
			);
			buildRules = (
			);
			dependencies = (
				FA45286A1DF802F900B2AA03 /* PBXTargetDependency */,
			);
			name = KitStopTests;
			productName = KitStopTests;
			productReference = FA4528681DF802F900B2AA03 /* KitStopTests.xctest */;
			productType = "com.apple.product-type.bundle.unit-test";
		};
/* End PBXNativeTarget section */

/* Begin PBXProject section */
		FA45284C1DF802F900B2AA03 /* Project object */ = {
			isa = PBXProject;
			attributes = {
				LastSwiftUpdateCheck = 0810;
				LastUpgradeCheck = 0810;
				ORGANIZATIONNAME = "MOZI Development";
				TargetAttributes = {
					FA4528531DF802F900B2AA03 = {
						CreatedOnToolsVersion = 8.1;
						DevelopmentTeam = 729WFR3HVU;
						ProvisioningStyle = Automatic;
					};
					FA4528671DF802F900B2AA03 = {
						CreatedOnToolsVersion = 8.1;
						DevelopmentTeam = 729WFR3HVU;
						ProvisioningStyle = Automatic;
						TestTargetID = FA4528531DF802F900B2AA03;
					};
				};
			};
			buildConfigurationList = FA45284F1DF802F900B2AA03 /* Build configuration list for PBXProject "KitStop" */;
			compatibilityVersion = "Xcode 3.2";
			developmentRegion = English;
			hasScannedForEncodings = 0;
			knownRegions = (
				en,
				Base,
			);
			mainGroup = FA45284B1DF802F900B2AA03;
			productRefGroup = FA4528551DF802F900B2AA03 /* Products */;
			projectDirPath = "";
			projectRoot = "";
			targets = (
				FA4528531DF802F900B2AA03 /* KitStop */,
				FA4528671DF802F900B2AA03 /* KitStopTests */,
			);
		};
/* End PBXProject section */

/* Begin PBXResourcesBuildPhase section */
		FA4528521DF802F900B2AA03 /* Resources */ = {
			isa = PBXResourcesBuildPhase;
			buildActionMask = 2147483647;
			files = (
				254F42EA1DFEF6D500CDD074 /* LaunchScreen.storyboard in Resources */,
				25432DCC1E042E3D00BB7B8F /* Main.storyboard in Resources */,
				FA45285F1DF802F900B2AA03 /* Assets.xcassets in Resources */,
				FA45285D1DF802F900B2AA03 /* Login.storyboard in Resources */,
				25AB73831E02CB9100BAA278 /* SignUpEmail.storyboard in Resources */,
			);
			runOnlyForDeploymentPostprocessing = 0;
		};
		FA4528661DF802F900B2AA03 /* Resources */ = {
			isa = PBXResourcesBuildPhase;
			buildActionMask = 2147483647;
			files = (
			);
			runOnlyForDeploymentPostprocessing = 0;
		};
/* End PBXResourcesBuildPhase section */

/* Begin PBXShellScriptBuildPhase section */
		557B64B595784B9710D04ED6 /* [CP] Embed Pods Frameworks */ = {
			isa = PBXShellScriptBuildPhase;
			buildActionMask = 2147483647;
			files = (
			);
			inputPaths = (
			);
			name = "[CP] Embed Pods Frameworks";
			outputPaths = (
			);
			runOnlyForDeploymentPostprocessing = 0;
			shellPath = /bin/sh;
			shellScript = "\"${SRCROOT}/Pods/Target Support Files/Pods-KitStop/Pods-KitStop-frameworks.sh\"\n";
			showEnvVarsInLog = 0;
		};
		5CC46302B370845B522969D9 /* [CP] Copy Pods Resources */ = {
			isa = PBXShellScriptBuildPhase;
			buildActionMask = 2147483647;
			files = (
			);
			inputPaths = (
			);
			name = "[CP] Copy Pods Resources";
			outputPaths = (
			);
			runOnlyForDeploymentPostprocessing = 0;
			shellPath = /bin/sh;
			shellScript = "\"${SRCROOT}/Pods/Target Support Files/Pods-KitStop/Pods-KitStop-resources.sh\"\n";
			showEnvVarsInLog = 0;
		};
		65E5A0B4478AB87EB4331D04 /* [CP] Check Pods Manifest.lock */ = {
			isa = PBXShellScriptBuildPhase;
			buildActionMask = 2147483647;
			files = (
			);
			inputPaths = (
			);
			name = "[CP] Check Pods Manifest.lock";
			outputPaths = (
			);
			runOnlyForDeploymentPostprocessing = 0;
			shellPath = /bin/sh;
			shellScript = "diff \"${PODS_ROOT}/../Podfile.lock\" \"${PODS_ROOT}/Manifest.lock\" > /dev/null\nif [ $? != 0 ] ; then\n    # print error to STDERR\n    echo \"error: The sandbox is not in sync with the Podfile.lock. Run 'pod install' or update your CocoaPods installation.\" >&2\n    exit 1\nfi\n";
			showEnvVarsInLog = 0;
		};
		951B39731DF967E3001765C3 /* ShellScript */ = {
			isa = PBXShellScriptBuildPhase;
			buildActionMask = 2147483647;
			files = (
			);
			inputPaths = (
				"$(SRCROOT)/Carthage/Build/iOS/Aspects.framework",
				"$(SRCROOT)/Carthage/Build/iOS/Perform.framework",
				"$(SRCROOT)/Carthage/Build/iOS/Chamomile.framework",
			);
			outputPaths = (
			);
			runOnlyForDeploymentPostprocessing = 0;
			shellPath = /bin/sh;
			shellScript = "/usr/local/bin/carthage copy-frameworks";
		};
/* End PBXShellScriptBuildPhase section */

/* Begin PBXSourcesBuildPhase section */
		FA4528501DF802F900B2AA03 /* Sources */ = {
			isa = PBXSourcesBuildPhase;
			buildActionMask = 2147483647;
			files = (
				259C5DFF1DF9B35B001E3CCC /* LogInInteractor.swift in Sources */,
				254F42E21DFE9D8F00CDD074 /* CustomPasswordTF.swift in Sources */,
				259C5E041DF9B35B001E3CCC /* LogInRouterInterface.swift in Sources */,
				259C5E021DF9B35B001E3CCC /* LogInPresenterInterface.swift in Sources */,
				259C5E011DF9B35B001E3CCC /* LogInPresenter.swift in Sources */,
				FA4528581DF802F900B2AA03 /* AppDelegate.swift in Sources */,
				259C5DFE1DF9B35B001E3CCC /* LogInAssember.swift in Sources */,
				259C5E061DF9B35B001E3CCC /* LogInViewInterface.swift in Sources */,
				254F42E41DFEAAA300CDD074 /* CustomPasswordTFDelegate.swift in Sources */,
				253FF5961E09724A009685CE /* ApiResult.swift in Sources */,
				259C5E031DF9B35B001E3CCC /* LogInRouter.swift in Sources */,
				259C5E051DF9B35B001E3CCC /* LogInViewController.swift in Sources */,
				259C5E001DF9B35B001E3CCC /* LogInInteractorInterface.swift in Sources */,
				254F42E71DFEB6A700CDD074 /* LogInUserModel.swift in Sources */,
				2DEF3C2BDA8D8016EE3A4A5A /* SignUpEmailAssember.swift in Sources */,
				085198F3AA9D3690D82CB1EF /* SignUpEmailViewInterface.swift in Sources */,
				A1D1FFF065C5DBEBE19BB20E /* SignUpEmailViewController.swift in Sources */,
				8FF3995F7F688E1E6E806AC1 /* SignUpEmailInteractorInterface.swift in Sources */,
				F7120D8F5E722D8B7BE7929C /* SignUpEmailInteractor.swift in Sources */,
				08F24368B9629C0549057164 /* SignUpEmailPresenterInterface.swift in Sources */,
				255AA5651E07D1C40093B9E4 /* DataManagerProtocol.swift in Sources */,
				25432DCA1E03FAB700BB7B8F /* DataManager.swift in Sources */,
				2503BF291E0AA47400AD3BAC /* MainKitsCell.swift in Sources */,
				253FF5921E095344009685CE /* ApiProtocol.swift in Sources */,
				088F7A9EFF889F150A71D4B0 /* SignUpEmailPresenter.swift in Sources */,
				E7B6CE11364097A75A034902 /* SignUpEmailRouterInterface.swift in Sources */,
				522BE2C3B326749FDACAF117 /* SignUpEmailRouter.swift in Sources */,
				EA0B1DCCD738450D73D6D03D /* MainAssember.swift in Sources */,
				ED851F6B42A2FA658CA9F8A3 /* MainViewInterface.swift in Sources */,
				62E8C61ADC306FD70F42236E /* MainViewController.swift in Sources */,
				25432DCF1E043D8200BB7B8F /* UITextField+ChangeNextFieldFocus+String+Encode.swift in Sources */,
				5422121C48C6DB533B151788 /* MainInteractorInterface.swift in Sources */,
				B13676A491A33B0774E7DC73 /* MainInteractor.swift in Sources */,
				D7800EBB04867C40C7414861 /* MainPresenterInterface.swift in Sources */,
				6061E731A508DA580752129A /* MainPresenter.swift in Sources */,
				62CD331FAB140A4596144D24 /* MainRouterInterface.swift in Sources */,
				34C1A10708ABA0DCF9E3C882 /* MainRouter.swift in Sources */,
				FFEEFBEA8DE34F6F10E2AF26 /* MainFilterContainerAssember.swift in Sources */,
				038F533ED9C65095DCEC976D /* MainFilterContainerViewInterface.swift in Sources */,
				DE0941D010C9C64BB0059C1F /* MainFilterContainerViewController.swift in Sources */,
				DB3397BA0DD588AB501B26B4 /* MainFilterContainerInteractorInterface.swift in Sources */,
				253FF5941E0957C9009685CE /* Endpoint.swift in Sources */,
				6689DC6B72E8F8841207CB5A /* MainFilterContainerInteractor.swift in Sources */,
				6CF527608E8A152DCBC78759 /* MainFilterContainerPresenterInterface.swift in Sources */,
				DBB6557FF095D419D973B89E /* MainFilterContainerPresenter.swift in Sources */,
				AA60A61A7825B03909639327 /* MainFilterContainerRouterInterface.swift in Sources */,
				A8E10A38F960FDB693073882 /* MainFilterContainerRouter.swift in Sources */,
			);
			runOnlyForDeploymentPostprocessing = 0;
		};
		FA4528641DF802F900B2AA03 /* Sources */ = {
			isa = PBXSourcesBuildPhase;
			buildActionMask = 2147483647;
			files = (
				FA45286D1DF802F900B2AA03 /* KitStopTests.swift in Sources */,
			);
			runOnlyForDeploymentPostprocessing = 0;
		};
/* End PBXSourcesBuildPhase section */

/* Begin PBXTargetDependency section */
		FA45286A1DF802F900B2AA03 /* PBXTargetDependency */ = {
			isa = PBXTargetDependency;
			target = FA4528531DF802F900B2AA03 /* KitStop */;
			targetProxy = FA4528691DF802F900B2AA03 /* PBXContainerItemProxy */;
		};
/* End PBXTargetDependency section */

/* Begin PBXVariantGroup section */
		254F42E81DFEF6D500CDD074 /* LaunchScreen.storyboard */ = {
			isa = PBXVariantGroup;
			children = (
				254F42E91DFEF6D500CDD074 /* Base */,
			);
			name = LaunchScreen.storyboard;
			sourceTree = "<group>";
		};
		FA45285B1DF802F900B2AA03 /* Login.storyboard */ = {
			isa = PBXVariantGroup;
			children = (
				FA45285C1DF802F900B2AA03 /* Base */,
			);
			name = Login.storyboard;
			path = ../../..;
			sourceTree = "<group>";
		};
/* End PBXVariantGroup section */

/* Begin XCBuildConfiguration section */
		FA45286F1DF802F900B2AA03 /* Debug */ = {
			isa = XCBuildConfiguration;
			buildSettings = {
				ALWAYS_SEARCH_USER_PATHS = NO;
				CLANG_ANALYZER_NONNULL = YES;
				CLANG_CXX_LANGUAGE_STANDARD = "gnu++0x";
				CLANG_CXX_LIBRARY = "libc++";
				CLANG_ENABLE_MODULES = YES;
				CLANG_ENABLE_OBJC_ARC = YES;
				CLANG_WARN_BOOL_CONVERSION = YES;
				CLANG_WARN_CONSTANT_CONVERSION = YES;
				CLANG_WARN_DIRECT_OBJC_ISA_USAGE = YES_ERROR;
				CLANG_WARN_DOCUMENTATION_COMMENTS = YES;
				CLANG_WARN_EMPTY_BODY = YES;
				CLANG_WARN_ENUM_CONVERSION = YES;
				CLANG_WARN_INFINITE_RECURSION = YES;
				CLANG_WARN_INT_CONVERSION = YES;
				CLANG_WARN_OBJC_ROOT_CLASS = YES_ERROR;
				CLANG_WARN_SUSPICIOUS_MOVES = YES;
				CLANG_WARN_UNREACHABLE_CODE = YES;
				CLANG_WARN__DUPLICATE_METHOD_MATCH = YES;
				"CODE_SIGN_IDENTITY[sdk=iphoneos*]" = "iPhone Developer";
				COPY_PHASE_STRIP = NO;
				DEBUG_INFORMATION_FORMAT = dwarf;
				ENABLE_STRICT_OBJC_MSGSEND = YES;
				ENABLE_TESTABILITY = YES;
				GCC_C_LANGUAGE_STANDARD = gnu99;
				GCC_DYNAMIC_NO_PIC = NO;
				GCC_NO_COMMON_BLOCKS = YES;
				GCC_OPTIMIZATION_LEVEL = 0;
				GCC_PREPROCESSOR_DEFINITIONS = (
					"DEBUG=1",
					"$(inherited)",
				);
				GCC_WARN_64_TO_32_BIT_CONVERSION = YES;
				GCC_WARN_ABOUT_RETURN_TYPE = YES_ERROR;
				GCC_WARN_UNDECLARED_SELECTOR = YES;
				GCC_WARN_UNINITIALIZED_AUTOS = YES_AGGRESSIVE;
				GCC_WARN_UNUSED_FUNCTION = YES;
				GCC_WARN_UNUSED_VARIABLE = YES;
				IPHONEOS_DEPLOYMENT_TARGET = 10.1;
				MTL_ENABLE_DEBUG_INFO = YES;
				ONLY_ACTIVE_ARCH = YES;
				SDKROOT = iphoneos;
				SWIFT_ACTIVE_COMPILATION_CONDITIONS = DEBUG;
				SWIFT_OPTIMIZATION_LEVEL = "-Onone";
			};
			name = Debug;
		};
		FA4528701DF802F900B2AA03 /* Release */ = {
			isa = XCBuildConfiguration;
			buildSettings = {
				ALWAYS_SEARCH_USER_PATHS = NO;
				CLANG_ANALYZER_NONNULL = YES;
				CLANG_CXX_LANGUAGE_STANDARD = "gnu++0x";
				CLANG_CXX_LIBRARY = "libc++";
				CLANG_ENABLE_MODULES = YES;
				CLANG_ENABLE_OBJC_ARC = YES;
				CLANG_WARN_BOOL_CONVERSION = YES;
				CLANG_WARN_CONSTANT_CONVERSION = YES;
				CLANG_WARN_DIRECT_OBJC_ISA_USAGE = YES_ERROR;
				CLANG_WARN_DOCUMENTATION_COMMENTS = YES;
				CLANG_WARN_EMPTY_BODY = YES;
				CLANG_WARN_ENUM_CONVERSION = YES;
				CLANG_WARN_INFINITE_RECURSION = YES;
				CLANG_WARN_INT_CONVERSION = YES;
				CLANG_WARN_OBJC_ROOT_CLASS = YES_ERROR;
				CLANG_WARN_SUSPICIOUS_MOVES = YES;
				CLANG_WARN_UNREACHABLE_CODE = YES;
				CLANG_WARN__DUPLICATE_METHOD_MATCH = YES;
				"CODE_SIGN_IDENTITY[sdk=iphoneos*]" = "iPhone Developer";
				COPY_PHASE_STRIP = NO;
				DEBUG_INFORMATION_FORMAT = "dwarf-with-dsym";
				ENABLE_NS_ASSERTIONS = NO;
				ENABLE_STRICT_OBJC_MSGSEND = YES;
				GCC_C_LANGUAGE_STANDARD = gnu99;
				GCC_NO_COMMON_BLOCKS = YES;
				GCC_WARN_64_TO_32_BIT_CONVERSION = YES;
				GCC_WARN_ABOUT_RETURN_TYPE = YES_ERROR;
				GCC_WARN_UNDECLARED_SELECTOR = YES;
				GCC_WARN_UNINITIALIZED_AUTOS = YES_AGGRESSIVE;
				GCC_WARN_UNUSED_FUNCTION = YES;
				GCC_WARN_UNUSED_VARIABLE = YES;
				IPHONEOS_DEPLOYMENT_TARGET = 10.1;
				MTL_ENABLE_DEBUG_INFO = NO;
				SDKROOT = iphoneos;
				SWIFT_OPTIMIZATION_LEVEL = "-Owholemodule";
				VALIDATE_PRODUCT = YES;
			};
			name = Release;
		};
		FA4528721DF802F900B2AA03 /* Debug */ = {
			isa = XCBuildConfiguration;
			baseConfigurationReference = C34CE9C6505C5A1F920FF878 /* Pods-KitStop.debug.xcconfig */;
			buildSettings = {
				ASSETCATALOG_COMPILER_LAUNCHIMAGE_NAME = LaunchImage;
				DEVELOPMENT_TEAM = 729WFR3HVU;
				FRAMEWORK_SEARCH_PATHS = (
					"$(inherited)",
					"$(PROJECT_DIR)/Carthage/Build/iOS",
				);
				INFOPLIST_FILE = KitStop/Info.plist;
				IPHONEOS_DEPLOYMENT_TARGET = 9.0;
				LD_RUNPATH_SEARCH_PATHS = "$(inherited) @executable_path/Frameworks";
				PRODUCT_BUNDLE_IDENTIFIER = com.mozidev.KitStop;
				PRODUCT_NAME = "$(TARGET_NAME)";
				SWIFT_VERSION = 3.0;
			};
			name = Debug;
		};
		FA4528731DF802F900B2AA03 /* Release */ = {
			isa = XCBuildConfiguration;
			baseConfigurationReference = 0C901CA56AA02B1C85F8F08C /* Pods-KitStop.release.xcconfig */;
			buildSettings = {
				ASSETCATALOG_COMPILER_LAUNCHIMAGE_NAME = LaunchImage;
				DEVELOPMENT_TEAM = 729WFR3HVU;
				FRAMEWORK_SEARCH_PATHS = (
					"$(inherited)",
					"$(PROJECT_DIR)/Carthage/Build/iOS",
				);
				INFOPLIST_FILE = KitStop/Info.plist;
				IPHONEOS_DEPLOYMENT_TARGET = 9.0;
				LD_RUNPATH_SEARCH_PATHS = "$(inherited) @executable_path/Frameworks";
				PRODUCT_BUNDLE_IDENTIFIER = com.mozidev.KitStop;
				PRODUCT_NAME = "$(TARGET_NAME)";
				SWIFT_VERSION = 3.0;
			};
			name = Release;
		};
		FA4528751DF802F900B2AA03 /* Debug */ = {
			isa = XCBuildConfiguration;
			buildSettings = {
				ALWAYS_EMBED_SWIFT_STANDARD_LIBRARIES = YES;
				BUNDLE_LOADER = "$(TEST_HOST)";
				DEVELOPMENT_TEAM = 729WFR3HVU;
				INFOPLIST_FILE = KitStopTests/Info.plist;
				LD_RUNPATH_SEARCH_PATHS = "$(inherited) @executable_path/Frameworks @loader_path/Frameworks";
				PRODUCT_BUNDLE_IDENTIFIER = com.mozidev.KitStopTests;
				PRODUCT_NAME = "$(TARGET_NAME)";
				SWIFT_VERSION = 3.0;
				TEST_HOST = "$(BUILT_PRODUCTS_DIR)/KitStop.app/KitStop";
			};
			name = Debug;
		};
		FA4528761DF802F900B2AA03 /* Release */ = {
			isa = XCBuildConfiguration;
			buildSettings = {
				ALWAYS_EMBED_SWIFT_STANDARD_LIBRARIES = YES;
				BUNDLE_LOADER = "$(TEST_HOST)";
				DEVELOPMENT_TEAM = 729WFR3HVU;
				INFOPLIST_FILE = KitStopTests/Info.plist;
				LD_RUNPATH_SEARCH_PATHS = "$(inherited) @executable_path/Frameworks @loader_path/Frameworks";
				PRODUCT_BUNDLE_IDENTIFIER = com.mozidev.KitStopTests;
				PRODUCT_NAME = "$(TARGET_NAME)";
				SWIFT_VERSION = 3.0;
				TEST_HOST = "$(BUILT_PRODUCTS_DIR)/KitStop.app/KitStop";
			};
			name = Release;
		};
/* End XCBuildConfiguration section */

/* Begin XCConfigurationList section */
		FA45284F1DF802F900B2AA03 /* Build configuration list for PBXProject "KitStop" */ = {
			isa = XCConfigurationList;
			buildConfigurations = (
				FA45286F1DF802F900B2AA03 /* Debug */,
				FA4528701DF802F900B2AA03 /* Release */,
			);
			defaultConfigurationIsVisible = 0;
			defaultConfigurationName = Release;
		};
		FA4528711DF802F900B2AA03 /* Build configuration list for PBXNativeTarget "KitStop" */ = {
			isa = XCConfigurationList;
			buildConfigurations = (
				FA4528721DF802F900B2AA03 /* Debug */,
				FA4528731DF802F900B2AA03 /* Release */,
			);
			defaultConfigurationIsVisible = 0;
			defaultConfigurationName = Release;
		};
		FA4528741DF802F900B2AA03 /* Build configuration list for PBXNativeTarget "KitStopTests" */ = {
			isa = XCConfigurationList;
			buildConfigurations = (
				FA4528751DF802F900B2AA03 /* Debug */,
				FA4528761DF802F900B2AA03 /* Release */,
			);
			defaultConfigurationIsVisible = 0;
			defaultConfigurationName = Release;
		};
/* End XCConfigurationList section */
	};
	rootObject = FA45284C1DF802F900B2AA03 /* Project object */;
}
